
Microsoft Visual Studio Solution File, Format Version 12.00
# Visual Studio Version 16
VisualStudioVersion = 16.0.31613.86
MinimumVisualStudioVersion = 10.0.40219.1
Project("{FAE04EC0-301F-11D3-BF4B-00C04F79EFBC}") = "Mandar_Bornare_Hw_2", "Mandar_Bornare_Hw_2\Mandar_Bornare_Hw_2.csproj", "{136D5ED1-28A4-4258-ABEB-FD932EACCAA0}"
EndProject
Global
	GlobalSection(SolutionConfigurationPlatforms) = preSolution
		Debug|Any CPU = Debug|Any CPU
		Release|Any CPU = Release|Any CPU
	EndGlobalSection
	GlobalSection(ProjectConfigurationPlatforms) = postSolution
		{136D5ED1-28A4-4258-ABEB-FD932EACCAA0}.Debug|Any CPU.ActiveCfg = Debug|Any CPU
		{136D5ED1-28A4-4258-ABEB-FD932EACCAA0}.Debug|Any CPU.Build.0 = Debug|Any CPU
		{136D5ED1-28A4-4258-ABEB-FD932EACCAA0}.Release|Any CPU.ActiveCfg = Release|Any CPU
		{136D5ED1-28A4-4258-ABEB-FD932EACCAA0}.Release|Any CPU.Build.0 = Release|Any CPU
	EndGlobalSection
	GlobalSection(SolutionProperties) = preSolution
		HideSolutionNode = FALSE
	EndGlobalSection
	GlobalSection(ExtensibilityGlobals) = postSolution
		SolutionGuid = {F12A0CEB-B136-46C7-A267-848F5DE889C0}
	EndGlobalSection
EndGlobal
